
Microsoft Visual Studio Solution File, Format Version 12.00
# Visual Studio 15
Project("{FAE04EC0-301F-11D3-BF4B-00C04F79EFBC}") = "Assembly-CSharp", "Assembly-CSharp.csproj", "{A0D1E66B-AE70-2511-164C-64A15BFE8BB5}"
EndProject
Project("{FAE04EC0-301F-11D3-BF4B-00C04F79EFBC}") = "Assembly-CSharp-Editor", "Assembly-CSharp-Editor.csproj", "{B4071B3C-EA39-A743-4D1B-74EC67BD59C0}"
EndProject
Global
	GlobalSection(SolutionConfigurationPlatforms) = preSolution
		Debug|Any CPU = Debug|Any CPU
		Release|Any CPU = Release|Any CPU
	EndGlobalSection
	GlobalSection(ProjectConfigurationPlatforms) = postSolution
		{A0D1E66B-AE70-2511-164C-64A15BFE8BB5}.Debug|Any CPU.ActiveCfg = Debug|Any CPU
		{A0D1E66B-AE70-2511-164C-64A15BFE8BB5}.Debug|Any CPU.Build.0 = Debug|Any CPU
		{A0D1E66B-AE70-2511-164C-64A15BFE8BB5}.Release|Any CPU.ActiveCfg = Release|Any CPU
		{A0D1E66B-AE70-2511-164C-64A15BFE8BB5}.Release|Any CPU.Build.0 = Release|Any CPU
		{B4071B3C-EA39-A743-4D1B-74EC67BD59C0}.Debug|Any CPU.ActiveCfg = Debug|Any CPU
		{B4071B3C-EA39-A743-4D1B-74EC67BD59C0}.Debug|Any CPU.Build.0 = Debug|Any CPU
		{B4071B3C-EA39-A743-4D1B-74EC67BD59C0}.Release|Any CPU.ActiveCfg = Release|Any CPU
		{B4071B3C-EA39-A743-4D1B-74EC67BD59C0}.Release|Any CPU.Build.0 = Release|Any CPU
	EndGlobalSection
	GlobalSection(SolutionProperties) = preSolution
		HideSolutionNode = FALSE
	EndGlobalSection
EndGlobal
